// !$*UTF8*$!
{
	archiveVersion = 1;
	classes = {
	};
	objectVersion = 51;
	objects = {

/* Begin PBXBuildFile section */
		AFEA6BB7873980B80CE2381B /* Pods_HabbitManagement.framework in Frameworks */ = {isa = PBXBuildFile; fileRef = 3B4D17D6D3F9B95A5C85B204 /* Pods_HabbitManagement.framework */; };
		B4104114265CF710004F6B2F /* LoginController.swift in Sources */ = {isa = PBXBuildFile; fileRef = B4104113265CF710004F6B2F /* LoginController.swift */; };
		B4104118265CF718004F6B2F /* RegistrationController.swift in Sources */ = {isa = PBXBuildFile; fileRef = B4104117265CF718004F6B2F /* RegistrationController.swift */; };
		B410411B265CF74C004F6B2F /* CutomTextField.swift in Sources */ = {isa = PBXBuildFile; fileRef = B410411A265CF74C004F6B2F /* CutomTextField.swift */; };
		B4127B5F2659CC0700437244 /* ProfileCell.swift in Sources */ = {isa = PBXBuildFile; fileRef = B4127B5E2659CC0700437244 /* ProfileCell.swift */; };
		B4127B622659CC0E00437244 /* ProfileHeader.swift in Sources */ = {isa = PBXBuildFile; fileRef = B4127B612659CC0E00437244 /* ProfileHeader.swift */; };
		B4127B652659CC1400437244 /* FeedCell.swift in Sources */ = {isa = PBXBuildFile; fileRef = B4127B642659CC1400437244 /* FeedCell.swift */; };
		B41BC044265FB78C000C16BD /* GoogleService-Info.plist in Resources */ = {isa = PBXBuildFile; fileRef = B41BC043265FB78C000C16BD /* GoogleService-Info.plist */; };
		B41BC05D265FBDDE000C16BD /* AuthService.swift in Sources */ = {isa = PBXBuildFile; fileRef = B41BC05C265FBDDE000C16BD /* AuthService.swift */; };
		B43098332658ACE300DF1D3D /* EditController.swift in Sources */ = {isa = PBXBuildFile; fileRef = B43098322658ACE300DF1D3D /* EditController.swift */; };
		B43098362658ACEE00DF1D3D /* ProfileController.swift in Sources */ = {isa = PBXBuildFile; fileRef = B43098352658ACEE00DF1D3D /* ProfileController.swift */; };
		B43098392658AEAE00DF1D3D /* AddHabbitController.swift in Sources */ = {isa = PBXBuildFile; fileRef = B43098382658AEAE00DF1D3D /* AddHabbitController.swift */; };
		B437C983265E7D4400EB8B07 /* NotificationController.swift in Sources */ = {isa = PBXBuildFile; fileRef = B437C982265E7D4400EB8B07 /* NotificationController.swift */; };
		B4D010D72657F2580031CB24 /* AppDelegate.swift in Sources */ = {isa = PBXBuildFile; fileRef = B4D010D62657F2580031CB24 /* AppDelegate.swift */; };
		B4D010D92657F2580031CB24 /* SceneDelegate.swift in Sources */ = {isa = PBXBuildFile; fileRef = B4D010D82657F2580031CB24 /* SceneDelegate.swift */; };
		B4D010DB2657F2580031CB24 /* ViewController.swift in Sources */ = {isa = PBXBuildFile; fileRef = B4D010DA2657F2580031CB24 /* ViewController.swift */; };
		B4D010DE2657F2580031CB24 /* Main.storyboard in Resources */ = {isa = PBXBuildFile; fileRef = B4D010DC2657F2580031CB24 /* Main.storyboard */; };
		B4D010E02657F2590031CB24 /* Assets.xcassets in Resources */ = {isa = PBXBuildFile; fileRef = B4D010DF2657F2590031CB24 /* Assets.xcassets */; };
		B4D010E32657F2590031CB24 /* LaunchScreen.storyboard in Resources */ = {isa = PBXBuildFile; fileRef = B4D010E12657F2590031CB24 /* LaunchScreen.storyboard */; };
		B4D010ED2657F29A0031CB24 /* MainTabController.swift in Sources */ = {isa = PBXBuildFile; fileRef = B4D010EC2657F29A0031CB24 /* MainTabController.swift */; };
		B4D010F02657F2C20031CB24 /* FeedController.swift in Sources */ = {isa = PBXBuildFile; fileRef = B4D010EF2657F2C20031CB24 /* FeedController.swift */; };
		B4D010F92657F3A90031CB24 /* Extentions.swift in Sources */ = {isa = PBXBuildFile; fileRef = B4D010F82657F3A90031CB24 /* Extentions.swift */; };
		BD6CA3EA265CD271005DF11B /* HabbitCell.swift in Sources */ = {isa = PBXBuildFile; fileRef = BD6CA3E9265CD271005DF11B /* HabbitCell.swift */; };
		BD6CA401265E7C6B005DF11B /* DatePickerController.swift in Sources */ = {isa = PBXBuildFile; fileRef = BD6CA400265E7C6B005DF11B /* DatePickerController.swift */; };
		BD6CA404265F19E2005DF11B /* DayOfWeekController.swift in Sources */ = {isa = PBXBuildFile; fileRef = BD6CA403265F19E2005DF11B /* DayOfWeekController.swift */; };
		BDE7B08E2659D22F003A37CC /* AddView.swift in Sources */ = {isa = PBXBuildFile; fileRef = BDE7B08D2659D22F003A37CC /* AddView.swift */; };
/* End PBXBuildFile section */

/* Begin PBXFileReference section */
		3B4D17D6D3F9B95A5C85B204 /* Pods_HabbitManagement.framework */ = {isa = PBXFileReference; explicitFileType = wrapper.framework; includeInIndex = 0; path = Pods_HabbitManagement.framework; sourceTree = BUILT_PRODUCTS_DIR; };
		5038C43D1BD4DD635A99F553 /* Pods-HabbitManagement.release.xcconfig */ = {isa = PBXFileReference; includeInIndex = 1; lastKnownFileType = text.xcconfig; name = "Pods-HabbitManagement.release.xcconfig"; path = "Target Support Files/Pods-HabbitManagement/Pods-HabbitManagement.release.xcconfig"; sourceTree = "<group>"; };
		B4104113265CF710004F6B2F /* LoginController.swift */ = {isa = PBXFileReference; lastKnownFileType = sourcecode.swift; path = LoginController.swift; sourceTree = "<group>"; };
		B4104117265CF718004F6B2F /* RegistrationController.swift */ = {isa = PBXFileReference; lastKnownFileType = sourcecode.swift; path = RegistrationController.swift; sourceTree = "<group>"; };
		B410411A265CF74C004F6B2F /* CutomTextField.swift */ = {isa = PBXFileReference; lastKnownFileType = sourcecode.swift; path = CutomTextField.swift; sourceTree = "<group>"; };
		B4127B5E2659CC0700437244 /* ProfileCell.swift */ = {isa = PBXFileReference; lastKnownFileType = sourcecode.swift; path = ProfileCell.swift; sourceTree = "<group>"; };
		B4127B612659CC0E00437244 /* ProfileHeader.swift */ = {isa = PBXFileReference; lastKnownFileType = sourcecode.swift; path = ProfileHeader.swift; sourceTree = "<group>"; };
		B4127B642659CC1400437244 /* FeedCell.swift */ = {isa = PBXFileReference; lastKnownFileType = sourcecode.swift; path = FeedCell.swift; sourceTree = "<group>"; };
		B41BC043265FB78C000C16BD /* GoogleService-Info.plist */ = {isa = PBXFileReference; lastKnownFileType = text.plist; path = "GoogleService-Info.plist"; sourceTree = SOURCE_ROOT; };
		B41BC05C265FBDDE000C16BD /* AuthService.swift */ = {isa = PBXFileReference; lastKnownFileType = sourcecode.swift; path = AuthService.swift; sourceTree = "<group>"; };
		B43098322658ACE300DF1D3D /* EditController.swift */ = {isa = PBXFileReference; lastKnownFileType = sourcecode.swift; path = EditController.swift; sourceTree = "<group>"; };
		B43098352658ACEE00DF1D3D /* ProfileController.swift */ = {isa = PBXFileReference; lastKnownFileType = sourcecode.swift; path = ProfileController.swift; sourceTree = "<group>"; };
		B43098382658AEAE00DF1D3D /* AddHabbitController.swift */ = {isa = PBXFileReference; lastKnownFileType = sourcecode.swift; path = AddHabbitController.swift; sourceTree = "<group>"; };
		B437C982265E7D4400EB8B07 /* NotificationController.swift */ = {isa = PBXFileReference; lastKnownFileType = sourcecode.swift; path = NotificationController.swift; sourceTree = "<group>"; };
		B4D010D32657F2580031CB24 /* HabbitManagement.app */ = {isa = PBXFileReference; explicitFileType = wrapper.application; includeInIndex = 0; path = HabbitManagement.app; sourceTree = BUILT_PRODUCTS_DIR; };
		B4D010D62657F2580031CB24 /* AppDelegate.swift */ = {isa = PBXFileReference; lastKnownFileType = sourcecode.swift; path = AppDelegate.swift; sourceTree = "<group>"; };
		B4D010D82657F2580031CB24 /* SceneDelegate.swift */ = {isa = PBXFileReference; lastKnownFileType = sourcecode.swift; path = SceneDelegate.swift; sourceTree = "<group>"; };
		B4D010DA2657F2580031CB24 /* ViewController.swift */ = {isa = PBXFileReference; lastKnownFileType = sourcecode.swift; path = ViewController.swift; sourceTree = "<group>"; };
		B4D010DD2657F2580031CB24 /* Base */ = {isa = PBXFileReference; lastKnownFileType = file.storyboard; name = Base; path = Base.lproj/Main.storyboard; sourceTree = "<group>"; };
		B4D010DF2657F2590031CB24 /* Assets.xcassets */ = {isa = PBXFileReference; lastKnownFileType = folder.assetcatalog; path = Assets.xcassets; sourceTree = "<group>"; };
		B4D010E22657F2590031CB24 /* Base */ = {isa = PBXFileReference; lastKnownFileType = file.storyboard; name = Base; path = Base.lproj/LaunchScreen.storyboard; sourceTree = "<group>"; };
		B4D010E42657F2590031CB24 /* Info.plist */ = {isa = PBXFileReference; lastKnownFileType = text.plist.xml; path = Info.plist; sourceTree = "<group>"; };
		B4D010EC2657F29A0031CB24 /* MainTabController.swift */ = {isa = PBXFileReference; lastKnownFileType = sourcecode.swift; path = MainTabController.swift; sourceTree = "<group>"; };
		B4D010EF2657F2C20031CB24 /* FeedController.swift */ = {isa = PBXFileReference; lastKnownFileType = sourcecode.swift; path = FeedController.swift; sourceTree = "<group>"; };
		B4D010F82657F3A90031CB24 /* Extentions.swift */ = {isa = PBXFileReference; lastKnownFileType = sourcecode.swift; path = Extentions.swift; sourceTree = "<group>"; };
		BD6CA3E9265CD271005DF11B /* HabbitCell.swift */ = {isa = PBXFileReference; lastKnownFileType = sourcecode.swift; path = HabbitCell.swift; sourceTree = "<group>"; };
		BD6CA400265E7C6B005DF11B /* DatePickerController.swift */ = {isa = PBXFileReference; lastKnownFileType = sourcecode.swift; path = DatePickerController.swift; sourceTree = "<group>"; };
		BD6CA403265F19E2005DF11B /* DayOfWeekController.swift */ = {isa = PBXFileReference; lastKnownFileType = sourcecode.swift; path = DayOfWeekController.swift; sourceTree = "<group>"; };
		BDE7B08D2659D22F003A37CC /* AddView.swift */ = {isa = PBXFileReference; lastKnownFileType = sourcecode.swift; path = AddView.swift; sourceTree = "<group>"; };
		E233913FC067D2EF51A814C8 /* Pods-HabbitManagement.debug.xcconfig */ = {isa = PBXFileReference; includeInIndex = 1; lastKnownFileType = text.xcconfig; name = "Pods-HabbitManagement.debug.xcconfig"; path = "Target Support Files/Pods-HabbitManagement/Pods-HabbitManagement.debug.xcconfig"; sourceTree = "<group>"; };
/* End PBXFileReference section */

/* Begin PBXFrameworksBuildPhase section */
		B4D010D02657F2580031CB24 /* Frameworks */ = {
			isa = PBXFrameworksBuildPhase;
			buildActionMask = 2147483647;
			files = (
				AFEA6BB7873980B80CE2381B /* Pods_HabbitManagement.framework in Frameworks */,
			);
			runOnlyForDeploymentPostprocessing = 0;
		};
/* End PBXFrameworksBuildPhase section */

/* Begin PBXGroup section */
		54306F66F29241C04E09D85C /* Pods */ = {
			isa = PBXGroup;
			children = (
				E233913FC067D2EF51A814C8 /* Pods-HabbitManagement.debug.xcconfig */,
				5038C43D1BD4DD635A99F553 /* Pods-HabbitManagement.release.xcconfig */,
			);
			path = Pods;
			sourceTree = "<group>";
		};
		9EEBD47D277CB1BC0D128B51 /* Frameworks */ = {
			isa = PBXGroup;
			children = (
				3B4D17D6D3F9B95A5C85B204 /* Pods_HabbitManagement.framework */,
			);
			name = Frameworks;
			sourceTree = "<group>";
		};
		B4104110265CF6E1004F6B2F /* Model */ = {
			isa = PBXGroup;
			children = (
			);
			path = Model;
			sourceTree = "<group>";
		};
		B4104112265CF706004F6B2F /* Authentication */ = {
			isa = PBXGroup;
			children = (
				B4104113265CF710004F6B2F /* LoginController.swift */,
				B4104117265CF718004F6B2F /* RegistrationController.swift */,
			);
			path = Authentication;
			sourceTree = "<group>";
		};
		B4127B5C2659CBEE00437244 /* View */ = {
			isa = PBXGroup;
			children = (
				BD6CA3EF265CD27D005DF11B /* Edit */,
				B4127B5D2659CBF900437244 /* Profile */,
				B4127B642659CC1400437244 /* FeedCell.swift */,
				BDE7B08D2659D22F003A37CC /* AddView.swift */,
				B410411A265CF74C004F6B2F /* CutomTextField.swift */,
			);
			path = View;
			sourceTree = "<group>";
		};
		B4127B5D2659CBF900437244 /* Profile */ = {
			isa = PBXGroup;
			children = (
				B4127B5E2659CC0700437244 /* ProfileCell.swift */,
				B4127B612659CC0E00437244 /* ProfileHeader.swift */,
			);
			path = Profile;
			sourceTree = "<group>";
		};
		B41BC05B265FBDD1000C16BD /* API */ = {
			isa = PBXGroup;
			children = (
				B41BC05C265FBDDE000C16BD /* AuthService.swift */,
			);
			path = API;
			sourceTree = "<group>";
		};
		B4D010CA2657F2580031CB24 = {
			isa = PBXGroup;
			children = (
				B4D010D52657F2580031CB24 /* HabbitManagement */,
				B4D010D42657F2580031CB24 /* Products */,
				54306F66F29241C04E09D85C /* Pods */,
				9EEBD47D277CB1BC0D128B51 /* Frameworks */,
			);
			sourceTree = "<group>";
		};
		B4D010D42657F2580031CB24 /* Products */ = {
			isa = PBXGroup;
			children = (
				B4D010D32657F2580031CB24 /* HabbitManagement.app */,
			);
			name = Products;
			sourceTree = "<group>";
		};
		B4D010D52657F2580031CB24 /* HabbitManagement */ = {
			isa = PBXGroup;
			children = (
				B4104110265CF6E1004F6B2F /* Model */,
				B4127B5C2659CBEE00437244 /* View */,
				B4D010EB2657F27F0031CB24 /* Controller */,
				B41BC05B265FBDD1000C16BD /* API */,
				B4D010F72657F3960031CB24 /* Utils */,
				B4D010D62657F2580031CB24 /* AppDelegate.swift */,
				B4D010D82657F2580031CB24 /* SceneDelegate.swift */,
				B4D010DA2657F2580031CB24 /* ViewController.swift */,
				B4D010DC2657F2580031CB24 /* Main.storyboard */,
				B4D010DF2657F2590031CB24 /* Assets.xcassets */,
				B4D010E12657F2590031CB24 /* LaunchScreen.storyboard */,
				B41BC043265FB78C000C16BD /* GoogleService-Info.plist */,
				B4D010E42657F2590031CB24 /* Info.plist */,
			);
			path = HabbitManagement;
			sourceTree = "<group>";
		};
		B4D010EB2657F27F0031CB24 /* Controller */ = {
			isa = PBXGroup;
			children = (
				B4104112265CF706004F6B2F /* Authentication */,
				B4D010EC2657F29A0031CB24 /* MainTabController.swift */,
				B4D010EF2657F2C20031CB24 /* FeedController.swift */,
				B43098322658ACE300DF1D3D /* EditController.swift */,
				B43098352658ACEE00DF1D3D /* ProfileController.swift */,
				B43098382658AEAE00DF1D3D /* AddHabbitController.swift */,
				BD6CA400265E7C6B005DF11B /* DatePickerController.swift */,
				BD6CA403265F19E2005DF11B /* DayOfWeekController.swift */,
				B437C982265E7D4400EB8B07 /* NotificationController.swift */,
			);
			path = Controller;
			sourceTree = "<group>";
		};
		B4D010F72657F3960031CB24 /* Utils */ = {
			isa = PBXGroup;
			children = (
				B4D010F82657F3A90031CB24 /* Extentions.swift */,
			);
			path = Utils;
			sourceTree = "<group>";
		};
		BD6CA3EF265CD27D005DF11B /* Edit */ = {
			isa = PBXGroup;
			children = (
				BD6CA3E9265CD271005DF11B /* HabbitCell.swift */,
			);
			path = Edit;
			sourceTree = "<group>";
		};
/* End PBXGroup section */

/* Begin PBXNativeTarget section */
		B4D010D22657F2580031CB24 /* HabbitManagement */ = {
			isa = PBXNativeTarget;
			buildConfigurationList = B4D010E72657F2590031CB24 /* Build configuration list for PBXNativeTarget "HabbitManagement" */;
			buildPhases = (
				4587597C8F1F449447EE2E5A /* [CP] Check Pods Manifest.lock */,
				B4D010CF2657F2580031CB24 /* Sources */,
				B4D010D02657F2580031CB24 /* Frameworks */,
				B4D010D12657F2580031CB24 /* Resources */,
				A047166A3F6BF00E085F5388 /* [CP] Embed Pods Frameworks */,
			);
			buildRules = (
			);
			dependencies = (
			);
			name = HabbitManagement;
			productName = HabbitManagement;
			productReference = B4D010D32657F2580031CB24 /* HabbitManagement.app */;
			productType = "com.apple.product-type.application";
		};
/* End PBXNativeTarget section */

/* Begin PBXProject section */
		B4D010CB2657F2580031CB24 /* Project object */ = {
			isa = PBXProject;
			attributes = {
				LastSwiftUpdateCheck = 1240;
				LastUpgradeCheck = 1240;
				TargetAttributes = {
					B4D010D22657F2580031CB24 = {
						CreatedOnToolsVersion = 12.4;
					};
				};
			};
			buildConfigurationList = B4D010CE2657F2580031CB24 /* Build configuration list for PBXProject "HabbitManagement" */;
			compatibilityVersion = "Xcode 9.3";
			developmentRegion = en;
			hasScannedForEncodings = 0;
			knownRegions = (
				en,
				Base,
			);
			mainGroup = B4D010CA2657F2580031CB24;
			productRefGroup = B4D010D42657F2580031CB24 /* Products */;
			projectDirPath = "";
			projectRoot = "";
			targets = (
				B4D010D22657F2580031CB24 /* HabbitManagement */,
			);
		};
/* End PBXProject section */

/* Begin PBXResourcesBuildPhase section */
		B4D010D12657F2580031CB24 /* Resources */ = {
			isa = PBXResourcesBuildPhase;
			buildActionMask = 2147483647;
			files = (
				B4D010E32657F2590031CB24 /* LaunchScreen.storyboard in Resources */,
				B41BC044265FB78C000C16BD /* GoogleService-Info.plist in Resources */,
				B4D010E02657F2590031CB24 /* Assets.xcassets in Resources */,
				B4D010DE2657F2580031CB24 /* Main.storyboard in Resources */,
			);
			runOnlyForDeploymentPostprocessing = 0;
		};
/* End PBXResourcesBuildPhase section */

/* Begin PBXShellScriptBuildPhase section */
		4587597C8F1F449447EE2E5A /* [CP] Check Pods Manifest.lock */ = {
			isa = PBXShellScriptBuildPhase;
			buildActionMask = 2147483647;
			files = (
			);
			inputFileListPaths = (
			);
			inputPaths = (
				"${PODS_PODFILE_DIR_PATH}/Podfile.lock",
				"${PODS_ROOT}/Manifest.lock",
			);
			name = "[CP] Check Pods Manifest.lock";
			outputFileListPaths = (
			);
			outputPaths = (
				"$(DERIVED_FILE_DIR)/Pods-HabbitManagement-checkManifestLockResult.txt",
			);
			runOnlyForDeploymentPostprocessing = 0;
			shellPath = /bin/sh;
			shellScript = "diff \"${PODS_PODFILE_DIR_PATH}/Podfile.lock\" \"${PODS_ROOT}/Manifest.lock\" > /dev/null\nif [ $? != 0 ] ; then\n    # print error to STDERR\n    echo \"error: The sandbox is not in sync with the Podfile.lock. Run 'pod install' or update your CocoaPods installation.\" >&2\n    exit 1\nfi\n# This output is used by Xcode 'outputs' to avoid re-running this script phase.\necho \"SUCCESS\" > \"${SCRIPT_OUTPUT_FILE_0}\"\n";
			showEnvVarsInLog = 0;
		};
		A047166A3F6BF00E085F5388 /* [CP] Embed Pods Frameworks */ = {
			isa = PBXShellScriptBuildPhase;
			buildActionMask = 2147483647;
			files = (
			);
			inputFileListPaths = (
				"${PODS_ROOT}/Target Support Files/Pods-HabbitManagement/Pods-HabbitManagement-frameworks-${CONFIGURATION}-input-files.xcfilelist",
			);
			name = "[CP] Embed Pods Frameworks";
			outputFileListPaths = (
				"${PODS_ROOT}/Target Support Files/Pods-HabbitManagement/Pods-HabbitManagement-frameworks-${CONFIGURATION}-output-files.xcfilelist",
			);
			runOnlyForDeploymentPostprocessing = 0;
			shellPath = /bin/sh;
			shellScript = "\"${PODS_ROOT}/Target Support Files/Pods-HabbitManagement/Pods-HabbitManagement-frameworks.sh\"\n";
			showEnvVarsInLog = 0;
		};
/* End PBXShellScriptBuildPhase section */

/* Begin PBXSourcesBuildPhase section */
		B4D010CF2657F2580031CB24 /* Sources */ = {
			isa = PBXSourcesBuildPhase;
			buildActionMask = 2147483647;
			files = (
				BDE7B08E2659D22F003A37CC /* AddView.swift in Sources */,
				BD6CA3EA265CD271005DF11B /* HabbitCell.swift in Sources */,
				B43098332658ACE300DF1D3D /* EditController.swift in Sources */,
				BD6CA401265E7C6B005DF11B /* DatePickerController.swift in Sources */,
				B4D010DB2657F2580031CB24 /* ViewController.swift in Sources */,
				B410411B265CF74C004F6B2F /* CutomTextField.swift in Sources */,
				B4104114265CF710004F6B2F /* LoginController.swift in Sources */,
				B41BC05D265FBDDE000C16BD /* AuthService.swift in Sources */,
				B437C983265E7D4400EB8B07 /* NotificationController.swift in Sources */,
				B4D010D72657F2580031CB24 /* AppDelegate.swift in Sources */,
				B4104118265CF718004F6B2F /* RegistrationController.swift in Sources */,
				BD6CA404265F19E2005DF11B /* DayOfWeekController.swift in Sources */,
				B4D010F02657F2C20031CB24 /* FeedController.swift in Sources */,
				B4D010ED2657F29A0031CB24 /* MainTabController.swift in Sources */,
				B4127B652659CC1400437244 /* FeedCell.swift in Sources */,
				B4D010D92657F2580031CB24 /* SceneDelegate.swift in Sources */,
				B43098392658AEAE00DF1D3D /* AddHabbitController.swift in Sources */,
				B4D010F92657F3A90031CB24 /* Extentions.swift in Sources */,
				B43098362658ACEE00DF1D3D /* ProfileController.swift in Sources */,
				B4127B5F2659CC0700437244 /* ProfileCell.swift in Sources */,
				B4127B622659CC0E00437244 /* ProfileHeader.swift in Sources */,
			);
			runOnlyForDeploymentPostprocessing = 0;
		};
/* End PBXSourcesBuildPhase section */

/* Begin PBXVariantGroup section */
		B4D010DC2657F2580031CB24 /* Main.storyboard */ = {
			isa = PBXVariantGroup;
			children = (
				B4D010DD2657F2580031CB24 /* Base */,
			);
			name = Main.storyboard;
			sourceTree = "<group>";
		};
		B4D010E12657F2590031CB24 /* LaunchScreen.storyboard */ = {
			isa = PBXVariantGroup;
			children = (
				B4D010E22657F2590031CB24 /* Base */,
			);
			name = LaunchScreen.storyboard;
			sourceTree = "<group>";
		};
/* End PBXVariantGroup section */

/* Begin XCBuildConfiguration section */
		B4D010E52657F2590031CB24 /* Debug */ = {
			isa = XCBuildConfiguration;
			buildSettings = {
				ALWAYS_SEARCH_USER_PATHS = NO;
				CLANG_ANALYZER_NONNULL = YES;
				CLANG_ANALYZER_NUMBER_OBJECT_CONVERSION = YES_AGGRESSIVE;
				CLANG_CXX_LANGUAGE_STANDARD = "gnu++14";
				CLANG_CXX_LIBRARY = "libc++";
				CLANG_ENABLE_MODULES = YES;
				CLANG_ENABLE_OBJC_ARC = YES;
				CLANG_ENABLE_OBJC_WEAK = YES;
				CLANG_WARN_BLOCK_CAPTURE_AUTORELEASING = YES;
				CLANG_WARN_BOOL_CONVERSION = YES;
				CLANG_WARN_COMMA = YES;
				CLANG_WARN_CONSTANT_CONVERSION = YES;
				CLANG_WARN_DEPRECATED_OBJC_IMPLEMENTATIONS = YES;
				CLANG_WARN_DIRECT_OBJC_ISA_USAGE = YES_ERROR;
				CLANG_WARN_DOCUMENTATION_COMMENTS = YES;
				CLANG_WARN_EMPTY_BODY = YES;
				CLANG_WARN_ENUM_CONVERSION = YES;
				CLANG_WARN_INFINITE_RECURSION = YES;
				CLANG_WARN_INT_CONVERSION = YES;
				CLANG_WARN_NON_LITERAL_NULL_CONVERSION = YES;
				CLANG_WARN_OBJC_IMPLICIT_RETAIN_SELF = YES;
				CLANG_WARN_OBJC_LITERAL_CONVERSION = YES;
				CLANG_WARN_OBJC_ROOT_CLASS = YES_ERROR;
				CLANG_WARN_QUOTED_INCLUDE_IN_FRAMEWORK_HEADER = YES;
				CLANG_WARN_RANGE_LOOP_ANALYSIS = YES;
				CLANG_WARN_STRICT_PROTOTYPES = YES;
				CLANG_WARN_SUSPICIOUS_MOVE = YES;
				CLANG_WARN_UNGUARDED_AVAILABILITY = YES_AGGRESSIVE;
				CLANG_WARN_UNREACHABLE_CODE = YES;
				CLANG_WARN__DUPLICATE_METHOD_MATCH = YES;
				COPY_PHASE_STRIP = NO;
				DEBUG_INFORMATION_FORMAT = dwarf;
				ENABLE_STRICT_OBJC_MSGSEND = YES;
				ENABLE_TESTABILITY = YES;
				GCC_C_LANGUAGE_STANDARD = gnu11;
				GCC_DYNAMIC_NO_PIC = NO;
				GCC_NO_COMMON_BLOCKS = YES;
				GCC_OPTIMIZATION_LEVEL = 0;
				GCC_PREPROCESSOR_DEFINITIONS = (
					"DEBUG=1",
					"$(inherited)",
				);
				GCC_WARN_64_TO_32_BIT_CONVERSION = YES;
				GCC_WARN_ABOUT_RETURN_TYPE = YES_ERROR;
				GCC_WARN_UNDECLARED_SELECTOR = YES;
				GCC_WARN_UNINITIALIZED_AUTOS = YES_AGGRESSIVE;
				GCC_WARN_UNUSED_FUNCTION = YES;
				GCC_WARN_UNUSED_VARIABLE = YES;
				IPHONEOS_DEPLOYMENT_TARGET = 14.4;
				MTL_ENABLE_DEBUG_INFO = INCLUDE_SOURCE;
				MTL_FAST_MATH = YES;
				ONLY_ACTIVE_ARCH = YES;
				SDKROOT = iphoneos;
				SWIFT_ACTIVE_COMPILATION_CONDITIONS = DEBUG;
				SWIFT_OPTIMIZATION_LEVEL = "-Onone";
			};
			name = Debug;
		};
		B4D010E62657F2590031CB24 /* Release */ = {
			isa = XCBuildConfiguration;
			buildSettings = {
				ALWAYS_SEARCH_USER_PATHS = NO;
				CLANG_ANALYZER_NONNULL = YES;
				CLANG_ANALYZER_NUMBER_OBJECT_CONVERSION = YES_AGGRESSIVE;
				CLANG_CXX_LANGUAGE_STANDARD = "gnu++14";
				CLANG_CXX_LIBRARY = "libc++";
				CLANG_ENABLE_MODULES = YES;
				CLANG_ENABLE_OBJC_ARC = YES;
				CLANG_ENABLE_OBJC_WEAK = YES;
				CLANG_WARN_BLOCK_CAPTURE_AUTORELEASING = YES;
				CLANG_WARN_BOOL_CONVERSION = YES;
				CLANG_WARN_COMMA = YES;
				CLANG_WARN_CONSTANT_CONVERSION = YES;
				CLANG_WARN_DEPRECATED_OBJC_IMPLEMENTATIONS = YES;
				CLANG_WARN_DIRECT_OBJC_ISA_USAGE = YES_ERROR;
				CLANG_WARN_DOCUMENTATION_COMMENTS = YES;
				CLANG_WARN_EMPTY_BODY = YES;
				CLANG_WARN_ENUM_CONVERSION = YES;
				CLANG_WARN_INFINITE_RECURSION = YES;
				CLANG_WARN_INT_CONVERSION = YES;
				CLANG_WARN_NON_LITERAL_NULL_CONVERSION = YES;
				CLANG_WARN_OBJC_IMPLICIT_RETAIN_SELF = YES;
				CLANG_WARN_OBJC_LITERAL_CONVERSION = YES;
				CLANG_WARN_OBJC_ROOT_CLASS = YES_ERROR;
				CLANG_WARN_QUOTED_INCLUDE_IN_FRAMEWORK_HEADER = YES;
				CLANG_WARN_RANGE_LOOP_ANALYSIS = YES;
				CLANG_WARN_STRICT_PROTOTYPES = YES;
				CLANG_WARN_SUSPICIOUS_MOVE = YES;
				CLANG_WARN_UNGUARDED_AVAILABILITY = YES_AGGRESSIVE;
				CLANG_WARN_UNREACHABLE_CODE = YES;
				CLANG_WARN__DUPLICATE_METHOD_MATCH = YES;
				COPY_PHASE_STRIP = NO;
				DEBUG_INFORMATION_FORMAT = "dwarf-with-dsym";
				ENABLE_NS_ASSERTIONS = NO;
				ENABLE_STRICT_OBJC_MSGSEND = YES;
				GCC_C_LANGUAGE_STANDARD = gnu11;
				GCC_NO_COMMON_BLOCKS = YES;
				GCC_WARN_64_TO_32_BIT_CONVERSION = YES;
				GCC_WARN_ABOUT_RETURN_TYPE = YES_ERROR;
				GCC_WARN_UNDECLARED_SELECTOR = YES;
				GCC_WARN_UNINITIALIZED_AUTOS = YES_AGGRESSIVE;
				GCC_WARN_UNUSED_FUNCTION = YES;
				GCC_WARN_UNUSED_VARIABLE = YES;
				IPHONEOS_DEPLOYMENT_TARGET = 14.4;
				MTL_ENABLE_DEBUG_INFO = NO;
				MTL_FAST_MATH = YES;
				SDKROOT = iphoneos;
				SWIFT_COMPILATION_MODE = wholemodule;
				SWIFT_OPTIMIZATION_LEVEL = "-O";
				VALIDATE_PRODUCT = YES;
			};
			name = Release;
		};
		B4D010E82657F2590031CB24 /* Debug */ = {
			isa = XCBuildConfiguration;
			baseConfigurationReference = E233913FC067D2EF51A814C8 /* Pods-HabbitManagement.debug.xcconfig */;
			buildSettings = {
				ASSETCATALOG_COMPILER_GLOBAL_ACCENT_COLOR_NAME = AccentColor;
				CODE_SIGN_STYLE = Automatic;
				INFOPLIST_FILE = HabbitManagement/Info.plist;
				LD_RUNPATH_SEARCH_PATHS = (
					"$(inherited)",
					"@executable_path/Frameworks",
				);
				PRODUCT_BUNDLE_IDENTIFIER = camosss.HabbitManagement;
				PRODUCT_NAME = "$(TARGET_NAME)";
				SWIFT_VERSION = 5.0;
				TARGETED_DEVICE_FAMILY = "1,2";
			};
			name = Debug;
		};
		B4D010E92657F2590031CB24 /* Release */ = {
			isa = XCBuildConfiguration;
			baseConfigurationReference = 5038C43D1BD4DD635A99F553 /* Pods-HabbitManagement.release.xcconfig */;
			buildSettings = {
				ASSETCATALOG_COMPILER_GLOBAL_ACCENT_COLOR_NAME = AccentColor;
				CODE_SIGN_STYLE = Automatic;
				INFOPLIST_FILE = HabbitManagement/Info.plist;
				LD_RUNPATH_SEARCH_PATHS = (
					"$(inherited)",
					"@executable_path/Frameworks",
				);
				PRODUCT_BUNDLE_IDENTIFIER = camosss.HabbitManagement;
				PRODUCT_NAME = "$(TARGET_NAME)";
				SWIFT_VERSION = 5.0;
				TARGETED_DEVICE_FAMILY = "1,2";
			};
			name = Release;
		};
/* End XCBuildConfiguration section */

/* Begin XCConfigurationList section */
		B4D010CE2657F2580031CB24 /* Build configuration list for PBXProject "HabbitManagement" */ = {
			isa = XCConfigurationList;
			buildConfigurations = (
				B4D010E52657F2590031CB24 /* Debug */,
				B4D010E62657F2590031CB24 /* Release */,
			);
			defaultConfigurationIsVisible = 0;
			defaultConfigurationName = Release;
		};
		B4D010E72657F2590031CB24 /* Build configuration list for PBXNativeTarget "HabbitManagement" */ = {
			isa = XCConfigurationList;
			buildConfigurations = (
				B4D010E82657F2590031CB24 /* Debug */,
				B4D010E92657F2590031CB24 /* Release */,
			);
			defaultConfigurationIsVisible = 0;
			defaultConfigurationName = Release;
		};
/* End XCConfigurationList section */
	};
	rootObject = B4D010CB2657F2580031CB24 /* Project object */;
}
